
Microsoft Visual Studio Solution File, Format Version 12.00
# Visual Studio Version 17
VisualStudioVersion = 17.3.32519.111
MinimumVisualStudioVersion = 10.0.40219.1
Project("{FAE04EC0-301F-11D3-BF4B-00C04F79EFBC}") = "MauiSettings", "MauiSettings\MauiSettings.csproj", "{9A79D717-2C07-48A4-A78D-BD252E9BCA25}"
EndProject
Global
	GlobalSection(SolutionConfigurationPlatforms) = preSolution
		Debug|Any CPU = Debug|Any CPU
		Release|Any CPU = Release|Any CPU
	EndGlobalSection
	GlobalSection(ProjectConfigurationPlatforms) = postSolution
		{9A79D717-2C07-48A4-A78D-BD252E9BCA25}.Debug|Any CPU.ActiveCfg = Debug|Any CPU
		{9A79D717-2C07-48A4-A78D-BD252E9BCA25}.Debug|Any CPU.Build.0 = Debug|Any CPU
		{9A79D717-2C07-48A4-A78D-BD252E9BCA25}.Release|Any CPU.ActiveCfg = Release|Any CPU
		{9A79D717-2C07-48A4-A78D-BD252E9BCA25}.Release|Any CPU.Build.0 = Release|Any CPU
	EndGlobalSection
	GlobalSection(SolutionProperties) = preSolution
		HideSolutionNode = FALSE
	EndGlobalSection
	GlobalSection(ExtensibilityGlobals) = postSolution
		SolutionGuid = {2733F837-2A02-4993-BB5C-771792807C3C}
	EndGlobalSection
EndGlobal
